
Microsoft Visual Studio Solution File, Format Version 12.00
# Visual Studio Version 17
VisualStudioVersion = 17.0.31912.275
MinimumVisualStudioVersion = 10.0.40219.1
Project("{FAE04EC0-301F-11D3-BF4B-00C04F79EFBC}") = "KeyloggerEvader", "KeyloggerEvader\KeyloggerEvader.csproj", "{306A9F39-63F7-4328-AB67-2296C98D48A7}"
EndProject
Global
	GlobalSection(SolutionConfigurationPlatforms) = preSolution
		Debug|Any CPU = Debug|Any CPU
		Release|Any CPU = Release|Any CPU
	EndGlobalSection
	GlobalSection(ProjectConfigurationPlatforms) = postSolution
		{306A9F39-63F7-4328-AB67-2296C98D48A7}.Debug|Any CPU.ActiveCfg = Debug|Any CPU
		{306A9F39-63F7-4328-AB67-2296C98D48A7}.Debug|Any CPU.Build.0 = Debug|Any CPU
		{306A9F39-63F7-4328-AB67-2296C98D48A7}.Release|Any CPU.ActiveCfg = Release|Any CPU
		{306A9F39-63F7-4328-AB67-2296C98D48A7}.Release|Any CPU.Build.0 = Release|Any CPU
	EndGlobalSection
	GlobalSection(SolutionProperties) = preSolution
		HideSolutionNode = FALSE
	EndGlobalSection
	GlobalSection(ExtensibilityGlobals) = postSolution
		SolutionGuid = {31B1059D-3664-40AD-8743-3C78248523F7}
	EndGlobalSection
EndGlobal
